{
  "lockfile_version": "1",
  "packages": {
    "awscli2@latest": {
      "last_modified": "2024-12-28T05:01:57Z",
      "resolved": "github:NixOS/nixpkgs/9e09ce2d47c7700b877becef99ce7e27f15604dc#awscli2",
      "source": "devbox-search",
      "version": "2.22.13",
      "systems": {
        "aarch64-darwin": {
          "outputs": [
            {
              "name": "out",
              "path": "/nix/store/x7gzwsgvbv9gsv2alx6s283gmfc1ak1x-awscli2-2.22.13",
              "default": true
            },
            {
              "name": "dist",
              "path": "/nix/store/pfq0zkq3ghbwq9419idxng97app4ab88-awscli2-2.22.13-dist"
            }
          ],
          "store_path": "/nix/store/x7gzwsgvbv9gsv2alx6s283gmfc1ak1x-awscli2-2.22.13"
        },
        "aarch64-linux": {
          "outputs": [
            {
              "name": "out",
              "path": "/nix/store/rg03ycmb1p2kfbibhbbqdr2my919s9kn-awscli2-2.22.13",
              "default": true
            },
            {
              "name": "dist",
              "path": "/nix/store/76g4b6mq7i22gbck35px1kp05xbpymvg-awscli2-2.22.13-dist"
            }
          ],
          "store_path": "/nix/store/rg03ycmb1p2kfbibhbbqdr2my919s9kn-awscli2-2.22.13"
        },
        "x86_64-darwin": {
          "outputs": [
            {
              "name": "out",
              "path": "/nix/store/xw6jb44l1vn3zsg319w11vjab5q4qlgq-awscli2-2.22.13",
              "default": true
            },
            {
              "name": "dist",
              "path": "/nix/store/c7r54rikxyh0qbapxgww9i1nqfx678g3-awscli2-2.22.13-dist"
            }
          ],
          "store_path": "/nix/store/xw6jb44l1vn3zsg319w11vjab5q4qlgq-awscli2-2.22.13"
        },
        "x86_64-linux": {
          "outputs": [
            {
              "name": "out",
              "path": "/nix/store/d7rzrxwxwf4mip6c39hz73g37brdi7g9-awscli2-2.22.13",
              "default": true
            },
            {
              "name": "dist",
              "path": "/nix/store/7qmfgpalc9jh6z9ywichdiakjhp2zpkx-awscli2-2.22.13-dist"
            }
          ],
          "store_path": "/nix/store/d7rzrxwxwf4mip6c39hz73g37brdi7g9-awscli2-2.22.13"
        }
      }
    },
    "corepack_22@latest": {
      "last_modified": "2025-01-19T08:16:51Z",
      "resolved": "github:NixOS/nixpkgs/50165c4f7eb48ce82bd063e1fb8047a0f515f8ce#corepack_22",
      "source": "devbox-search",
      "version": "22.12.0",
      "systems": {
        "aarch64-darwin": {
          "outputs": [
            {
              "name": "out",
              "path": "/nix/store/8n75ydr46mng4msi66p20wz9wm56vkgq-corepack-nodejs-22.12.0",
              "default": true
            }
          ],
          "store_path": "/nix/store/8n75ydr46mng4msi66p20wz9wm56vkgq-corepack-nodejs-22.12.0"
        },
        "aarch64-linux": {
          "outputs": [
            {
              "name": "out",
              "path": "/nix/store/pr8ji49rl468hb8qg2nryb1zawlspfpg-corepack-nodejs-22.12.0",
              "default": true
            }
          ],
          "store_path": "/nix/store/pr8ji49rl468hb8qg2nryb1zawlspfpg-corepack-nodejs-22.12.0"
        },
        "x86_64-darwin": {
          "outputs": [
            {
              "name": "out",
              "path": "/nix/store/g252pz7bxswyxfnm7m5m6knvmqimrq3b-corepack-nodejs-22.12.0",
              "default": true
            }
          ],
          "store_path": "/nix/store/g252pz7bxswyxfnm7m5m6knvmqimrq3b-corepack-nodejs-22.12.0"
        },
        "x86_64-linux": {
          "outputs": [
            {
              "name": "out",
              "path": "/nix/store/zk31r2zxvbgwml3xzgp1m3845n5crnix-corepack-nodejs-22.12.0",
              "default": true
            }
          ],
          "store_path": "/nix/store/zk31r2zxvbgwml3xzgp1m3845n5crnix-corepack-nodejs-22.12.0"
        }
      }
    },
    "direnv@latest": {
      "last_modified": "2024-12-23T21:10:33Z",
      "resolved": "github:NixOS/nixpkgs/de1864217bfa9b5845f465e771e0ecb48b30e02d#direnv",
      "source": "devbox-search",
      "version": "2.35.0",
      "systems": {
        "aarch64-darwin": {
          "outputs": [
            {
              "name": "out",
              "path": "/nix/store/xp28bzq6qi11db7pqgfx3rc139q45489-direnv-2.35.0",
              "default": true
            }
          ],
          "store_path": "/nix/store/xp28bzq6qi11db7pqgfx3rc139q45489-direnv-2.35.0"
        },
        "aarch64-linux": {
          "outputs": [
            {
              "name": "out",
              "path": "/nix/store/55vva1q4lhw2m62vvzzm2z26wfkpb430-direnv-2.35.0",
              "default": true
            }
          ],
          "store_path": "/nix/store/55vva1q4lhw2m62vvzzm2z26wfkpb430-direnv-2.35.0"
        },
        "x86_64-darwin": {
          "outputs": [
            {
              "name": "out",
              "path": "/nix/store/gza242ir81wafi79cfxk619n36rxqqmk-direnv-2.35.0",
              "default": true
            }
          ],
          "store_path": "/nix/store/gza242ir81wafi79cfxk619n36rxqqmk-direnv-2.35.0"
        },
        "x86_64-linux": {
          "outputs": [
            {
              "name": "out",
              "path": "/nix/store/jw2ax71m8dzgs8xybginlsyw79ndyww1-direnv-2.35.0",
              "default": true
            }
          ],
          "store_path": "/nix/store/jw2ax71m8dzgs8xybginlsyw79ndyww1-direnv-2.35.0"
        }
      }
    },
    "gh@latest": {
      "last_modified": "2025-01-07T09:15:50Z",
      "resolved": "github:NixOS/nixpkgs/8c9fd3e564728e90829ee7dbac6edc972971cd0f#gh",
      "source": "devbox-search",
      "version": "2.65.0",
      "systems": {
        "aarch64-darwin": {
          "outputs": [
            {
              "name": "out",
              "path": "/nix/store/i7c3cxs55v3bbrnx8njarpmh7hqf8j0g-gh-2.65.0",
              "default": true
            }
          ],
          "store_path": "/nix/store/i7c3cxs55v3bbrnx8njarpmh7hqf8j0g-gh-2.65.0"
        },
        "aarch64-linux": {
          "outputs": [
            {
              "name": "out",
              "path": "/nix/store/vfidcgqi2l5vqs9dm0ygjbprjjg31m1m-gh-2.65.0",
              "default": true
            }
          ],
          "store_path": "/nix/store/vfidcgqi2l5vqs9dm0ygjbprjjg31m1m-gh-2.65.0"
        },
        "x86_64-darwin": {
          "outputs": [
            {
              "name": "out",
              "path": "/nix/store/10pcvlswasd1wzmb58fil8q77vq9b8g3-gh-2.65.0",
              "default": true
            }
          ],
          "store_path": "/nix/store/10pcvlswasd1wzmb58fil8q77vq9b8g3-gh-2.65.0"
        },
        "x86_64-linux": {
          "outputs": [
            {
              "name": "out",
              "path": "/nix/store/gicqc89lkcpinrjls3mz7b3p6bbjy99j-gh-2.65.0",
              "default": true
            }
          ],
          "store_path": "/nix/store/gicqc89lkcpinrjls3mz7b3p6bbjy99j-gh-2.65.0"
        }
      }
    },
    "github:NixOS/nixpkgs/nixpkgs-unstable": {
      "resolved": "github:NixOS/nixpkgs/199169a2135e6b864a888e89a2ace345703c025d?lastModified=1740791350&narHash=sha256-igS2Z4tVw5W%2Fx3lCZeeadt0vcU9fxtetZ%2FRyrqsCRQ0%3D"
    },
    "go-task@latest": {
      "last_modified": "2025-01-04T17:00:17Z",
      "resolved": "github:NixOS/nixpkgs/a1945f760a8fe019a4d753808de424dcd4e5b3cf#go-task",
      "source": "devbox-search",
      "version": "3.40.1",
      "systems": {
        "aarch64-darwin": {
          "outputs": [
            {
              "name": "out",
              "path": "/nix/store/j7qhiv1i0kamdik0gh9q5r47llvl8z8y-go-task-3.40.1",
              "default": true
            }
          ],
          "store_path": "/nix/store/j7qhiv1i0kamdik0gh9q5r47llvl8z8y-go-task-3.40.1"
        },
        "aarch64-linux": {
          "outputs": [
            {
              "name": "out",
              "path": "/nix/store/paf37ssbfhb9hxg1cd5znswzwmx8sdss-go-task-3.40.1",
              "default": true
            }
          ],
          "store_path": "/nix/store/paf37ssbfhb9hxg1cd5znswzwmx8sdss-go-task-3.40.1"
        },
        "x86_64-darwin": {
          "outputs": [
            {
              "name": "out",
              "path": "/nix/store/1drc5qjlxalnjrirpawbqf0bjs911n3q-go-task-3.40.1",
              "default": true
            }
          ],
          "store_path": "/nix/store/1drc5qjlxalnjrirpawbqf0bjs911n3q-go-task-3.40.1"
        },
        "x86_64-linux": {
          "outputs": [
            {
              "name": "out",
              "path": "/nix/store/ds3s43anl3rwk5vz80n4kck2g7z7i1lp-go-task-3.40.1",
              "default": true
            }
          ],
          "store_path": "/nix/store/ds3s43anl3rwk5vz80n4kck2g7z7i1lp-go-task-3.40.1"
        }
      }
    },
    "jq@latest": {
      "last_modified": "2025-01-06T03:40:18Z",
      "resolved": "github:NixOS/nixpkgs/3df3c47c19dc90fec35359e89ffb52b34d2b0e94#jq",
      "source": "devbox-search",
      "version": "1.7.1",
      "systems": {
        "aarch64-darwin": {
          "outputs": [
            {
              "name": "bin",
              "path": "/nix/store/x07x6ixbqrh7javaz84sh7lxy5zjwc66-jq-1.7.1-bin",
              "default": true
            },
            {
              "name": "man",
              "path": "/nix/store/fik16kqw21fpfknda8xpmqi94brmdy5m-jq-1.7.1-man",
              "default": true
            },
            {
              "name": "doc",
              "path": "/nix/store/viyl0y7dbapp79ibwliqfljxr13n89b9-jq-1.7.1-doc"
            },
            {
              "name": "out",
              "path": "/nix/store/kkymhin05qdfplfnv5k50x0fb9qbvrbl-jq-1.7.1"
            },
            {
              "name": "dev",
              "path": "/nix/store/lhqbi2g0dpiv87341gzzd3vlkcs817yq-jq-1.7.1-dev"
            }
          ],
          "store_path": "/nix/store/x07x6ixbqrh7javaz84sh7lxy5zjwc66-jq-1.7.1-bin"
        },
        "aarch64-linux": {
          "outputs": [
            {
              "name": "bin",
              "path": "/nix/store/bs198wj6yi71yzbiykizj5y79ll1y5a5-jq-1.7.1-bin",
              "default": true
            },
            {
              "name": "man",
              "path": "/nix/store/0brmnz2q55dkzqbnld9s2l53hzyi82yg-jq-1.7.1-man",
              "default": true
            },
            {
              "name": "dev",
              "path": "/nix/store/ibh2q48q1xn2bfyvjm6kr3wkphi3rb9r-jq-1.7.1-dev"
            },
            {
              "name": "doc",
              "path": "/nix/store/wjjkav2gqfj67wzzkfw9gmp878dxpy0r-jq-1.7.1-doc"
            },
            {
              "name": "out",
              "path": "/nix/store/cpxcnasas8nnwib686pbhzrkz1cnq0p6-jq-1.7.1"
            }
          ],
          "store_path": "/nix/store/bs198wj6yi71yzbiykizj5y79ll1y5a5-jq-1.7.1-bin"
        },
        "x86_64-darwin": {
          "outputs": [
            {
              "name": "bin",
              "path": "/nix/store/ingdf4pkbkm85bfl0j95j834lvhllp3a-jq-1.7.1-bin",
              "default": true
            },
            {
              "name": "man",
              "path": "/nix/store/w6aijc6k90s04jx5a7pk8j1gmacyllqc-jq-1.7.1-man",
              "default": true
            },
            {
              "name": "dev",
              "path": "/nix/store/zvwl6lq9xq1sk9vapx51vajz00c80087-jq-1.7.1-dev"
            },
            {
              "name": "doc",
              "path": "/nix/store/22qfscingx32vgap2kg9gcrgcrvv6ykn-jq-1.7.1-doc"
            },
            {
              "name": "out",
              "path": "/nix/store/0g44qcyxjr944pn560l3mr884akh7il4-jq-1.7.1"
            }
          ],
          "store_path": "/nix/store/ingdf4pkbkm85bfl0j95j834lvhllp3a-jq-1.7.1-bin"
        },
        "x86_64-linux": {
          "outputs": [
            {
              "name": "bin",
              "path": "/nix/store/c79nkzxaiki5r7igd4a5lawwdds38f2l-jq-1.7.1-bin",
              "default": true
            },
            {
              "name": "man",
              "path": "/nix/store/bj4b7al7f1x6lvsk1p5gza26ya5is8zn-jq-1.7.1-man",
              "default": true
            },
            {
              "name": "out",
              "path": "/nix/store/s8vyrf9xh2yh66ilivw3gi8hzxv7d44c-jq-1.7.1"
            },
            {
              "name": "dev",
              "path": "/nix/store/4nrxcmjis6bahcr6gphczjfhz12f2vnd-jq-1.7.1-dev"
            },
            {
              "name": "doc",
              "path": "/nix/store/kbp9hjh0zcqdc04kiya3wazs50g3mhnp-jq-1.7.1-doc"
            }
          ],
          "store_path": "/nix/store/c79nkzxaiki5r7igd4a5lawwdds38f2l-jq-1.7.1-bin"
        }
      }
    },
    "just@latest": {
      "last_modified": "2024-12-23T21:10:33Z",
      "resolved": "github:NixOS/nixpkgs/de1864217bfa9b5845f465e771e0ecb48b30e02d#just",
      "source": "devbox-search",
      "version": "1.38.0",
      "systems": {
        "aarch64-darwin": {
          "outputs": [
            {
              "name": "out",
              "path": "/nix/store/vsh8l0h4w2s2chhxnq3crggnqgajv8fr-just-1.38.0",
              "default": true
            },
            {
              "name": "man",
              "path": "/nix/store/4v2f2ilb558wldh4wl5iplhbqbwcs8x7-just-1.38.0-man",
              "default": true
            },
            {
              "name": "doc",
              "path": "/nix/store/ys7i8a3y8x0wpvpgjm1cg32vcmkvghaq-just-1.38.0-doc"
            }
          ],
          "store_path": "/nix/store/vsh8l0h4w2s2chhxnq3crggnqgajv8fr-just-1.38.0"
        },
        "aarch64-linux": {
          "outputs": [
            {
              "name": "out",
              "path": "/nix/store/v9c5rvb1f5351vnfqw1dwrqnyr0zmwkl-just-1.38.0",
              "default": true
            },
            {
              "name": "man",
              "path": "/nix/store/b402yzxcpdldqafh9lh1vz10pifyyrm1-just-1.38.0-man",
              "default": true
            },
            {
              "name": "doc",
              "path": "/nix/store/wdvhp7n1ll2r94bp1wq0nw9d7jsy9h5r-just-1.38.0-doc"
            }
          ],
          "store_path": "/nix/store/v9c5rvb1f5351vnfqw1dwrqnyr0zmwkl-just-1.38.0"
        },
        "x86_64-darwin": {
          "outputs": [
            {
              "name": "out",
              "path": "/nix/store/nrwx6y35zjj83shb7vj6nxl5a7ll7jfq-just-1.38.0",
              "default": true
            },
            {
              "name": "man",
              "path": "/nix/store/g72x3fkmf25sa8gc3sh17wm2s14vk1zi-just-1.38.0-man",
              "default": true
            },
            {
              "name": "doc",
              "path": "/nix/store/1z00n6g7id3z5x4wgmxnpp0www1r9ah6-just-1.38.0-doc"
            }
          ],
          "store_path": "/nix/store/nrwx6y35zjj83shb7vj6nxl5a7ll7jfq-just-1.38.0"
        },
        "x86_64-linux": {
          "outputs": [
            {
              "name": "out",
              "path": "/nix/store/8gfn54vq7r96i0jpdgbz4084b4n5if61-just-1.38.0",
              "default": true
            },
            {
              "name": "man",
              "path": "/nix/store/kh82ps1zp22cv36l4w1r7pzv1rbzpmjz-just-1.38.0-man",
              "default": true
            },
            {
              "name": "doc",
              "path": "/nix/store/lxn266hlm8ngl6r0bkz9bdc2g5iskqby-just-1.38.0-doc"
            }
          ],
          "store_path": "/nix/store/8gfn54vq7r96i0jpdgbz4084b4n5if61-just-1.38.0"
        }
      }
    },
    "nodejs_22@latest": {
      "last_modified": "2025-01-19T08:16:51Z",
      "plugin_version": "0.0.2",
      "resolved": "github:NixOS/nixpkgs/50165c4f7eb48ce82bd063e1fb8047a0f515f8ce#nodejs_22",
      "source": "devbox-search",
      "version": "22.12.0",
      "systems": {
        "aarch64-darwin": {
          "outputs": [
            {
              "name": "out",
              "path": "/nix/store/ygk01vha6k5zxgn9rsxi3k6cm2kbnwsc-nodejs-22.12.0",
              "default": true
            },
            {
              "name": "libv8",
              "path": "/nix/store/hvpmcjbmsyknlpjjd7a8na891fv4a81i-nodejs-22.12.0-libv8"
            }
          ],
          "store_path": "/nix/store/ygk01vha6k5zxgn9rsxi3k6cm2kbnwsc-nodejs-22.12.0"
        },
        "aarch64-linux": {
          "outputs": [
            {
              "name": "out",
              "path": "/nix/store/jdgrvyf5l99rzjayicxjw7i6p98r0rlb-nodejs-22.12.0",
              "default": true
            },
            {
              "name": "libv8",
              "path": "/nix/store/48is8354i9qwj194id0ncczkvzvfqhim-nodejs-22.12.0-libv8"
            }
          ],
          "store_path": "/nix/store/jdgrvyf5l99rzjayicxjw7i6p98r0rlb-nodejs-22.12.0"
        },
        "x86_64-darwin": {
          "outputs": [
            {
              "name": "out",
              "path": "/nix/store/6fnlali5gqihxs02adk1bdzjsya9cacp-nodejs-22.12.0",
              "default": true
            },
            {
              "name": "libv8",
              "path": "/nix/store/gvys8kz8pdw62ch2x7k25rrmcw3mqnrw-nodejs-22.12.0-libv8"
            }
          ],
          "store_path": "/nix/store/6fnlali5gqihxs02adk1bdzjsya9cacp-nodejs-22.12.0"
        },
        "x86_64-linux": {
          "outputs": [
            {
              "name": "out",
              "path": "/nix/store/k1r91cjalyc2mzzllpv5hklhqn8wvgjr-nodejs-22.12.0",
              "default": true
            },
            {
              "name": "libv8",
              "path": "/nix/store/n7x07hrc6sjhh6as6c75g15blq1c1ykh-nodejs-22.12.0-libv8"
            }
          ],
          "store_path": "/nix/store/k1r91cjalyc2mzzllpv5hklhqn8wvgjr-nodejs-22.12.0"
        }
      }
    },
    "nushell@latest": {
      "last_modified": "2024-12-26T01:25:00Z",
      "resolved": "github:NixOS/nixpkgs/16e046229f3b4f53257973a5532bcbb72457d2f2#nushell",
      "source": "devbox-search",
      "version": "0.101.0",
      "systems": {
        "aarch64-darwin": {
          "outputs": [
            {
              "name": "out",
              "path": "/nix/store/gjgck7ays80f1fkhwc4ny5jwcdpi093h-nushell-0.101.0",
              "default": true
            }
          ],
          "store_path": "/nix/store/gjgck7ays80f1fkhwc4ny5jwcdpi093h-nushell-0.101.0"
        },
        "aarch64-linux": {
          "outputs": [
            {
              "name": "out",
              "path": "/nix/store/ciymw62irm1ny3cd3m9px72l7l8myrqh-nushell-0.101.0",
              "default": true
            }
          ],
          "store_path": "/nix/store/ciymw62irm1ny3cd3m9px72l7l8myrqh-nushell-0.101.0"
        },
        "x86_64-darwin": {
          "outputs": [
            {
              "name": "out",
              "path": "/nix/store/z0f7kgp7pl3iyzdqns8gk084g6dchkvj-nushell-0.101.0",
              "default": true
            }
          ],
          "store_path": "/nix/store/z0f7kgp7pl3iyzdqns8gk084g6dchkvj-nushell-0.101.0"
        },
        "x86_64-linux": {
          "outputs": [
            {
              "name": "out",
              "path": "/nix/store/sbkllymdppc0fkv6c6qhw81194xzvmkd-nushell-0.101.0",
              "default": true
            }
          ],
          "store_path": "/nix/store/sbkllymdppc0fkv6c6qhw81194xzvmkd-nushell-0.101.0"
        }
      }
    },
    "pipenv@latest": {
      "last_modified": "2024-12-23T21:10:33Z",
      "resolved": "github:NixOS/nixpkgs/de1864217bfa9b5845f465e771e0ecb48b30e02d#pipenv",
      "source": "devbox-search",
      "version": "2024.2.0",
      "systems": {
        "aarch64-darwin": {
          "outputs": [
            {
              "name": "out",
              "path": "/nix/store/r52nhm2bkd19iznm2yivlvhdmign89yc-pipenv-2024.2.0",
              "default": true
            },
            {
              "name": "dist",
              "path": "/nix/store/wzn86nfx95dik35arsfgpvi3fiar0ca8-pipenv-2024.2.0-dist"
            }
          ],
          "store_path": "/nix/store/r52nhm2bkd19iznm2yivlvhdmign89yc-pipenv-2024.2.0"
        },
        "aarch64-linux": {
          "outputs": [
            {
              "name": "out",
              "path": "/nix/store/lv9lxvahi4yrga3wbkfln9ij28phgyz2-pipenv-2024.2.0",
              "default": true
            },
            {
              "name": "dist",
              "path": "/nix/store/dckw00lm5jg1d62h8q8ziq927cdz0jqa-pipenv-2024.2.0-dist"
            }
          ],
          "store_path": "/nix/store/lv9lxvahi4yrga3wbkfln9ij28phgyz2-pipenv-2024.2.0"
        },
        "x86_64-darwin": {
          "outputs": [
            {
              "name": "out",
              "path": "/nix/store/blvhn867xbkmry5sa2s8f7cw5kxq5d7k-pipenv-2024.2.0",
              "default": true
            },
            {
              "name": "dist",
              "path": "/nix/store/r0yslsx516x8fssqhxk163syglv5imyn-pipenv-2024.2.0-dist"
            }
          ],
          "store_path": "/nix/store/blvhn867xbkmry5sa2s8f7cw5kxq5d7k-pipenv-2024.2.0"
        },
        "x86_64-linux": {
          "outputs": [
            {
              "name": "out",
              "path": "/nix/store/bzlaf4ph0n05ym5xp48iqdg68vlasfvv-pipenv-2024.2.0",
              "default": true
            },
            {
              "name": "dist",
              "path": "/nix/store/0k003hmljmf6c7gl5y3cscg2jykgh258-pipenv-2024.2.0-dist"
            }
          ],
          "store_path": "/nix/store/bzlaf4ph0n05ym5xp48iqdg68vlasfvv-pipenv-2024.2.0"
        }
      }
    },
    "pulumi-bin@latest": {
      "last_modified": "2025-02-26T05:29:08Z",
      "resolved": "github:NixOS/nixpkgs/3a05eebede89661660945da1f151959900903b6a#pulumi-bin",
      "source": "devbox-search",
      "version": "3.152.0",
      "systems": {
        "aarch64-darwin": {
          "outputs": [
            {
              "name": "out",
              "path": "/nix/store/k3n1lb9irn2rdlr5lbl3vwr0pv1zia65-pulumi-3.152.0",
              "default": true
            }
          ],
          "store_path": "/nix/store/k3n1lb9irn2rdlr5lbl3vwr0pv1zia65-pulumi-3.152.0"
        },
        "aarch64-linux": {
          "outputs": [
            {
              "name": "out",
              "path": "/nix/store/rx37xfdyhiqadgps73dpgxb6g5nqdjrf-pulumi-3.152.0",
              "default": true
            }
          ],
          "store_path": "/nix/store/rx37xfdyhiqadgps73dpgxb6g5nqdjrf-pulumi-3.152.0"
        },
        "x86_64-darwin": {
          "outputs": [
            {
              "name": "out",
              "path": "/nix/store/ln4nv9m6w06myl3ha5az9rgl49v9ngdm-pulumi-3.152.0",
              "default": true
            }
          ],
          "store_path": "/nix/store/ln4nv9m6w06myl3ha5az9rgl49v9ngdm-pulumi-3.152.0"
        },
        "x86_64-linux": {
          "outputs": [
            {
              "name": "out",
              "path": "/nix/store/36z1jmwb85l628xr254zh430jfxvsjwg-pulumi-3.152.0",
              "default": true
            }
          ],
          "store_path": "/nix/store/36z1jmwb85l628xr254zh430jfxvsjwg-pulumi-3.152.0"
        }
      }
    },
    "python@3.12": {
      "last_modified": "2025-01-06T03:40:18Z",
      "plugin_version": "0.0.4",
      "resolved": "github:NixOS/nixpkgs/3df3c47c19dc90fec35359e89ffb52b34d2b0e94#python3",
      "source": "devbox-search",
      "version": "3.12.8",
      "systems": {
        "aarch64-darwin": {
          "outputs": [
            {
              "name": "out",
              "path": "/nix/store/8zc3wcplydp8gsxms24scpzdca438dk5-python3-3.12.8",
              "default": true
            }
          ],
          "store_path": "/nix/store/8zc3wcplydp8gsxms24scpzdca438dk5-python3-3.12.8"
        },
        "aarch64-linux": {
          "outputs": [
            {
              "name": "out",
              "path": "/nix/store/66pn6ysmvx675061xaq2vz93s9vdc5p4-python3-3.12.8",
              "default": true
            },
            {
              "name": "debug",
              "path": "/nix/store/brcg3a34fi45ffky63g5pqd22sksvq13-python3-3.12.8-debug"
            }
          ],
          "store_path": "/nix/store/66pn6ysmvx675061xaq2vz93s9vdc5p4-python3-3.12.8"
        },
        "x86_64-darwin": {
          "outputs": [
            {
              "name": "out",
              "path": "/nix/store/fpmkmdzgd1q7kqadc7czcjdhjj7bsc0i-python3-3.12.8",
              "default": true
            }
          ],
          "store_path": "/nix/store/fpmkmdzgd1q7kqadc7czcjdhjj7bsc0i-python3-3.12.8"
        },
        "x86_64-linux": {
          "outputs": [
            {
              "name": "out",
              "path": "/nix/store/c9m6yd8fg1flz2j5r4bif1ib5j20a0cy-python3-3.12.8",
              "default": true
            },
            {
              "name": "debug",
              "path": "/nix/store/cicfrcjr8pky8qd0gxw0x84ynyviy6b5-python3-3.12.8-debug"
            }
          ],
          "store_path": "/nix/store/c9m6yd8fg1flz2j5r4bif1ib5j20a0cy-python3-3.12.8"
        }
      }
    },
    "starship@latest": {
      "last_modified": "2024-12-23T21:10:33Z",
      "resolved": "github:NixOS/nixpkgs/de1864217bfa9b5845f465e771e0ecb48b30e02d#starship",
      "source": "devbox-search",
      "version": "1.21.1",
      "systems": {
        "aarch64-darwin": {
          "outputs": [
            {
              "name": "out",
              "path": "/nix/store/g9xiknwswqjan621addc37inqjpysm5b-starship-1.21.1",
              "default": true
            }
          ],
          "store_path": "/nix/store/g9xiknwswqjan621addc37inqjpysm5b-starship-1.21.1"
        },
        "aarch64-linux": {
          "outputs": [
            {
              "name": "out",
              "path": "/nix/store/ba5pkq9x6h726pac5d4ab9wihlqwxf49-starship-1.21.1",
              "default": true
            }
          ],
          "store_path": "/nix/store/ba5pkq9x6h726pac5d4ab9wihlqwxf49-starship-1.21.1"
        },
        "x86_64-darwin": {
          "outputs": [
            {
              "name": "out",
              "path": "/nix/store/wrhaj3ak1ri7p5zgybzhn6hk17hmqfzi-starship-1.21.1",
              "default": true
            }
          ],
          "store_path": "/nix/store/wrhaj3ak1ri7p5zgybzhn6hk17hmqfzi-starship-1.21.1"
        },
        "x86_64-linux": {
          "outputs": [
            {
              "name": "out",
              "path": "/nix/store/nys71imk0jpr20p6pmm0vv3cfip8i1w3-starship-1.21.1",
              "default": true
            }
          ],
          "store_path": "/nix/store/nys71imk0jpr20p6pmm0vv3cfip8i1w3-starship-1.21.1"
        }
      }
    },
    "teller@latest": {
      "last_modified": "2024-12-23T21:10:33Z",
      "resolved": "github:NixOS/nixpkgs/de1864217bfa9b5845f465e771e0ecb48b30e02d#teller",
      "source": "devbox-search",
      "version": "2.0.7",
      "systems": {
        "aarch64-darwin": {
          "outputs": [
            {
              "name": "out",
              "path": "/nix/store/fv2bmrz2jrk35nwvi9gi0h9q6bl62q33-teller-2.0.7",
              "default": true
            }
          ],
          "store_path": "/nix/store/fv2bmrz2jrk35nwvi9gi0h9q6bl62q33-teller-2.0.7"
        },
        "aarch64-linux": {
          "outputs": [
            {
              "name": "out",
              "path": "/nix/store/f6q5lw6b7lhm3aixnlldz4xlsc3kgwp2-teller-2.0.7",
              "default": true
            }
          ],
          "store_path": "/nix/store/f6q5lw6b7lhm3aixnlldz4xlsc3kgwp2-teller-2.0.7"
        },
        "x86_64-darwin": {
          "outputs": [
            {
              "name": "out",
              "path": "/nix/store/arcirmyvq8szdn2jr1cm92kxb80h3k0h-teller-2.0.7",
              "default": true
            }
          ],
          "store_path": "/nix/store/arcirmyvq8szdn2jr1cm92kxb80h3k0h-teller-2.0.7"
        },
        "x86_64-linux": {
          "outputs": [
            {
              "name": "out",
              "path": "/nix/store/1qw0vkjzjmwcrn308w97vc98v7dh4frd-teller-2.0.7",
              "default": true
            }
          ],
          "store_path": "/nix/store/1qw0vkjzjmwcrn308w97vc98v7dh4frd-teller-2.0.7"
        }
      }
    },
    "yq@latest": {
      "last_modified": "2024-12-23T21:10:33Z",
      "resolved": "github:NixOS/nixpkgs/de1864217bfa9b5845f465e771e0ecb48b30e02d#yq",
      "source": "devbox-search",
      "version": "3.4.3",
      "systems": {
        "aarch64-darwin": {
          "outputs": [
            {
              "name": "out",
              "path": "/nix/store/cgv2hhnlw4bd0jdj8jvvlcjb9avz1857-python3.12-yq-3.4.3",
              "default": true
            },
            {
              "name": "dist",
              "path": "/nix/store/470qg7pi2kycj4lnmy9v0jgarnvm3zk2-python3.12-yq-3.4.3-dist"
            }
          ],
          "store_path": "/nix/store/cgv2hhnlw4bd0jdj8jvvlcjb9avz1857-python3.12-yq-3.4.3"
        },
        "aarch64-linux": {
          "outputs": [
            {
              "name": "out",
              "path": "/nix/store/xl3sjpmqqi81ibfkynlxw9v3dmg769f7-python3.12-yq-3.4.3",
              "default": true
            },
            {
              "name": "dist",
              "path": "/nix/store/lmnvwnhbspljq4kqn9vrr5i0q8693k0z-python3.12-yq-3.4.3-dist"
            }
          ],
          "store_path": "/nix/store/xl3sjpmqqi81ibfkynlxw9v3dmg769f7-python3.12-yq-3.4.3"
        },
        "x86_64-darwin": {
          "outputs": [
            {
              "name": "out",
              "path": "/nix/store/gi4lccm6b46ga339l801fwyzshhifh0j-python3.12-yq-3.4.3",
              "default": true
            },
            {
              "name": "dist",
              "path": "/nix/store/3ywlcss71g4s454kl3q2kipri85k4a16-python3.12-yq-3.4.3-dist"
            }
          ],
          "store_path": "/nix/store/gi4lccm6b46ga339l801fwyzshhifh0j-python3.12-yq-3.4.3"
        },
        "x86_64-linux": {
          "outputs": [
            {
              "name": "out",
              "path": "/nix/store/04fz3jg4dbfizdlpzqkpvp3j4p6nwg75-python3.12-yq-3.4.3",
              "default": true
            },
            {
              "name": "dist",
              "path": "/nix/store/gpgds87xhyd4jpr048vdirbqpz06wk2d-python3.12-yq-3.4.3-dist"
            }
          ],
          "store_path": "/nix/store/04fz3jg4dbfizdlpzqkpvp3j4p6nwg75-python3.12-yq-3.4.3"
        }
      }
    },
    "zellij@latest": {
      "last_modified": "2024-12-23T21:10:33Z",
      "resolved": "github:NixOS/nixpkgs/de1864217bfa9b5845f465e771e0ecb48b30e02d#zellij",
      "source": "devbox-search",
      "version": "0.41.2",
      "systems": {
        "aarch64-darwin": {
          "outputs": [
            {
              "name": "out",
              "path": "/nix/store/fhlrmvrymqbpizfpw9lwfhxyhsrf2j0k-zellij-0.41.2",
              "default": true
            }
          ],
          "store_path": "/nix/store/fhlrmvrymqbpizfpw9lwfhxyhsrf2j0k-zellij-0.41.2"
        },
        "aarch64-linux": {
          "outputs": [
            {
              "name": "out",
              "path": "/nix/store/klnjidrhgmx54i9zaqlkqqldwbbr0mx5-zellij-0.41.2",
              "default": true
            }
          ],
          "store_path": "/nix/store/klnjidrhgmx54i9zaqlkqqldwbbr0mx5-zellij-0.41.2"
        },
        "x86_64-darwin": {
          "outputs": [
            {
              "name": "out",
              "path": "/nix/store/rxhdbx60nln7lnzmksyh9pgig42q10ca-zellij-0.41.2",
              "default": true
            }
          ],
          "store_path": "/nix/store/rxhdbx60nln7lnzmksyh9pgig42q10ca-zellij-0.41.2"
        },
        "x86_64-linux": {
          "outputs": [
            {
              "name": "out",
              "path": "/nix/store/vv8am3m6rf1x9p6w36cyl40faif3idys-zellij-0.41.2",
              "default": true
            }
          ],
          "store_path": "/nix/store/vv8am3m6rf1x9p6w36cyl40faif3idys-zellij-0.41.2"
        }
      }
    }
  }
}
